
Microsoft Visual Studio Solution File, Format Version 12.00
# Visual Studio Version 17
VisualStudioVersion = 17.6.33815.320
MinimumVisualStudioVersion = 10.0.40219.1
Project("{FAE04EC0-301F-11D3-BF4B-00C04F79EFBC}") = "GymPlanDroid.Android", "GymPlanDroid.Android\GymPlanDroid.Android.csproj", "{4C57C077-DB7B-4D70-A31B-4B803C03F784}"
EndProject
Project("{FAE04EC0-301F-11D3-BF4B-00C04F79EFBC}") = "GymPlanDroid", "GymPlanDroid\GymPlanDroid.csproj", "{619D82D2-B7C3-4016-BF44-A71951EDDA8E}"
EndProject
Global
	GlobalSection(SolutionConfigurationPlatforms) = preSolution
		Debug|Any CPU = Debug|Any CPU
		Release|Any CPU = Release|Any CPU
	EndGlobalSection
	GlobalSection(ProjectConfigurationPlatforms) = postSolution
		{4C57C077-DB7B-4D70-A31B-4B803C03F784}.Debug|Any CPU.ActiveCfg = Debug|Any CPU
		{4C57C077-DB7B-4D70-A31B-4B803C03F784}.Debug|Any CPU.Build.0 = Debug|Any CPU
		{4C57C077-DB7B-4D70-A31B-4B803C03F784}.Debug|Any CPU.Deploy.0 = Debug|Any CPU
		{4C57C077-DB7B-4D70-A31B-4B803C03F784}.Release|Any CPU.ActiveCfg = Release|Any CPU
		{4C57C077-DB7B-4D70-A31B-4B803C03F784}.Release|Any CPU.Build.0 = Release|Any CPU
		{4C57C077-DB7B-4D70-A31B-4B803C03F784}.Release|Any CPU.Deploy.0 = Release|Any CPU
		{619D82D2-B7C3-4016-BF44-A71951EDDA8E}.Debug|Any CPU.ActiveCfg = Debug|Any CPU
		{619D82D2-B7C3-4016-BF44-A71951EDDA8E}.Debug|Any CPU.Build.0 = Debug|Any CPU
		{619D82D2-B7C3-4016-BF44-A71951EDDA8E}.Debug|Any CPU.Deploy.0 = Debug|Any CPU
		{619D82D2-B7C3-4016-BF44-A71951EDDA8E}.Release|Any CPU.ActiveCfg = Release|Any CPU
		{619D82D2-B7C3-4016-BF44-A71951EDDA8E}.Release|Any CPU.Build.0 = Release|Any CPU
		{619D82D2-B7C3-4016-BF44-A71951EDDA8E}.Release|Any CPU.Deploy.0 = Release|Any CPU
	EndGlobalSection
	GlobalSection(SolutionProperties) = preSolution
		HideSolutionNode = FALSE
	EndGlobalSection
	GlobalSection(ExtensibilityGlobals) = postSolution
		SolutionGuid = {ECC0D8F6-1E2C-4250-B608-293A7267AD0E}
	EndGlobalSection
EndGlobal
